<Solution>
  <Folder Name="/src/">
    <Project Path="src/PokeTokenBar.Core/PokeTokenBar.Core.csproj" />
    <Project Path="src/PokeTokenBar.Sidecar/PokeTokenBar.Sidecar.csproj" />
    <Project Path="src/PokeTokenBar.Tray/PokeTokenBar.Tray.csproj" />
  </Folder>
  <Folder Name="/tests/">
    <Project Path="tests/PokeTokenBar.Core.Tests/PokeTokenBar.Core.Tests.csproj" />
  </Folder>
</Solution>
